NeoBundleLock Zenburn eec67511855b52c9e6e894915157c682ea72285b
NeoBundleLock ctrlp.vim b5d3fe66a58a13d2ff8b6391f4387608496a030f
NeoBundleLock neobundle.vim c00b40688f335a2e116726c2f8e727fad6f03e4f
NeoBundleLock nerdtree 3b98a7fcae8f9fff356907171f0406ff8cd28921
NeoBundleLock python-mode 9c8468e83232c3e45b730d2d0b28d609053dec05
NeoBundleLock vim-airline 13ee9f456ac1a7d9e427874c7a6981c2461a6c4d
NeoBundleLock vim-gitgutter e5efbaffc066ababc9ae0d689c7050fa5d6591bd
NeoBundleLock vim-ipython a47d92b371588a81f8501c66604d79e2827c60a8
